
Microsoft Visual Studio Solution File, Format Version 12.00
# Visual Studio Version 17
VisualStudioVersion = 17.13.35919.96 d17.13
MinimumVisualStudioVersion = 10.0.40219.1
Project("{FAE04EC0-301F-11D3-BF4B-00C04F79EFBC}") = "aula-05-06", "aula-05-06.csproj", "{4162AA5B-D0C6-4206-ABD7-89D9F64C5E06}"
EndProject
Project("{FAE04EC0-301F-11D3-BF4B-00C04F79EFBC}") = "part2", "..\part2\part2.csproj", "{265BF2E8-792E-4E48-B8FB-3D98899C5181}"
EndProject
Project("{FAE04EC0-301F-11D3-BF4B-00C04F79EFBC}") = "ex01andEx02", "..\ex01andEx02\ex01andEx02.csproj", "{3AB5FD3F-66E0-4EE7-9BA2-C508BAB2D7AD}"
EndProject
Project("{FAE04EC0-301F-11D3-BF4B-00C04F79EFBC}") = "ex03-aula-05-06", "..\ex03-aula-05-06\ex03-aula-05-06.csproj", "{65F33B0C-376E-41CC-9647-0210E12665DF}"
EndProject
Project("{FAE04EC0-301F-11D3-BF4B-00C04F79EFBC}") = "ex04-aula-05-06", "..\ex04-aula-05-06\ex04-aula-05-06.csproj", "{730EC96A-549B-43F5-BCBC-52D3515705A7}"
EndProject
Global
	GlobalSection(SolutionConfigurationPlatforms) = preSolution
		Debug|Any CPU = Debug|Any CPU
		Release|Any CPU = Release|Any CPU
	EndGlobalSection
	GlobalSection(ProjectConfigurationPlatforms) = postSolution
		{4162AA5B-D0C6-4206-ABD7-89D9F64C5E06}.Debug|Any CPU.ActiveCfg = Debug|Any CPU
		{4162AA5B-D0C6-4206-ABD7-89D9F64C5E06}.Debug|Any CPU.Build.0 = Debug|Any CPU
		{4162AA5B-D0C6-4206-ABD7-89D9F64C5E06}.Release|Any CPU.ActiveCfg = Release|Any CPU
		{4162AA5B-D0C6-4206-ABD7-89D9F64C5E06}.Release|Any CPU.Build.0 = Release|Any CPU
		{265BF2E8-792E-4E48-B8FB-3D98899C5181}.Debug|Any CPU.ActiveCfg = Debug|Any CPU
		{265BF2E8-792E-4E48-B8FB-3D98899C5181}.Debug|Any CPU.Build.0 = Debug|Any CPU
		{265BF2E8-792E-4E48-B8FB-3D98899C5181}.Release|Any CPU.ActiveCfg = Release|Any CPU
		{265BF2E8-792E-4E48-B8FB-3D98899C5181}.Release|Any CPU.Build.0 = Release|Any CPU
		{3AB5FD3F-66E0-4EE7-9BA2-C508BAB2D7AD}.Debug|Any CPU.ActiveCfg = Debug|Any CPU
		{3AB5FD3F-66E0-4EE7-9BA2-C508BAB2D7AD}.Debug|Any CPU.Build.0 = Debug|Any CPU
		{3AB5FD3F-66E0-4EE7-9BA2-C508BAB2D7AD}.Release|Any CPU.ActiveCfg = Release|Any CPU
		{3AB5FD3F-66E0-4EE7-9BA2-C508BAB2D7AD}.Release|Any CPU.Build.0 = Release|Any CPU
		{65F33B0C-376E-41CC-9647-0210E12665DF}.Debug|Any CPU.ActiveCfg = Debug|Any CPU
		{65F33B0C-376E-41CC-9647-0210E12665DF}.Debug|Any CPU.Build.0 = Debug|Any CPU
		{65F33B0C-376E-41CC-9647-0210E12665DF}.Release|Any CPU.ActiveCfg = Release|Any CPU
		{65F33B0C-376E-41CC-9647-0210E12665DF}.Release|Any CPU.Build.0 = Release|Any CPU
		{730EC96A-549B-43F5-BCBC-52D3515705A7}.Debug|Any CPU.ActiveCfg = Debug|Any CPU
		{730EC96A-549B-43F5-BCBC-52D3515705A7}.Debug|Any CPU.Build.0 = Debug|Any CPU
		{730EC96A-549B-43F5-BCBC-52D3515705A7}.Release|Any CPU.ActiveCfg = Release|Any CPU
		{730EC96A-549B-43F5-BCBC-52D3515705A7}.Release|Any CPU.Build.0 = Release|Any CPU
	EndGlobalSection
	GlobalSection(SolutionProperties) = preSolution
		HideSolutionNode = FALSE
	EndGlobalSection
	GlobalSection(ExtensibilityGlobals) = postSolution
		SolutionGuid = {B2AA95FF-0CFF-42C1-BB4C-C1747330F741}
	EndGlobalSection
EndGlobal
