
Microsoft Visual Studio Solution File, Format Version 12.00
# Visual Studio Version 17
VisualStudioVersion = 17.13.35919.96 d17.13
MinimumVisualStudioVersion = 10.0.40219.1
Project("{FAE04EC0-301F-11D3-BF4B-00C04F79EFBC}") = "aula-08-05-25", "aula-08-05-25.csproj", "{CE52C76C-BC2B-4F6E-A1BF-76EEA7796AF0}"
EndProject
Global
	GlobalSection(SolutionConfigurationPlatforms) = preSolution
		Debug|Any CPU = Debug|Any CPU
		Release|Any CPU = Release|Any CPU
	EndGlobalSection
	GlobalSection(ProjectConfigurationPlatforms) = postSolution
		{CE52C76C-BC2B-4F6E-A1BF-76EEA7796AF0}.Debug|Any CPU.ActiveCfg = Debug|Any CPU
		{CE52C76C-BC2B-4F6E-A1BF-76EEA7796AF0}.Debug|Any CPU.Build.0 = Debug|Any CPU
		{CE52C76C-BC2B-4F6E-A1BF-76EEA7796AF0}.Release|Any CPU.ActiveCfg = Release|Any CPU
		{CE52C76C-BC2B-4F6E-A1BF-76EEA7796AF0}.Release|Any CPU.Build.0 = Release|Any CPU
	EndGlobalSection
	GlobalSection(SolutionProperties) = preSolution
		HideSolutionNode = FALSE
	EndGlobalSection
	GlobalSection(ExtensibilityGlobals) = postSolution
		SolutionGuid = {81A7BD81-E7CE-4C44-84EA-159BFEA8CCF7}
	EndGlobalSection
EndGlobal
