
Microsoft Visual Studio Solution File, Format Version 12.00
# Visual Studio Version 17
VisualStudioVersion = 17.13.35919.96 d17.13
MinimumVisualStudioVersion = 10.0.40219.1
Project("{FAE04EC0-301F-11D3-BF4B-00C04F79EFBC}") = "Trabalho1-07-05", "Trabalho1-07-05\Trabalho1-07-05.csproj", "{5B7C028F-A8C5-439F-AE38-F8B3E4441955}"
EndProject
Global
	GlobalSection(SolutionConfigurationPlatforms) = preSolution
		Debug|Any CPU = Debug|Any CPU
		Release|Any CPU = Release|Any CPU
	EndGlobalSection
	GlobalSection(ProjectConfigurationPlatforms) = postSolution
		{5B7C028F-A8C5-439F-AE38-F8B3E4441955}.Debug|Any CPU.ActiveCfg = Debug|Any CPU
		{5B7C028F-A8C5-439F-AE38-F8B3E4441955}.Debug|Any CPU.Build.0 = Debug|Any CPU
		{5B7C028F-A8C5-439F-AE38-F8B3E4441955}.Release|Any CPU.ActiveCfg = Release|Any CPU
		{5B7C028F-A8C5-439F-AE38-F8B3E4441955}.Release|Any CPU.Build.0 = Release|Any CPU
	EndGlobalSection
	GlobalSection(SolutionProperties) = preSolution
		HideSolutionNode = FALSE
	EndGlobalSection
	GlobalSection(ExtensibilityGlobals) = postSolution
		SolutionGuid = {309EB749-696D-4008-8C0A-09D4E6A76CA0}
	EndGlobalSection
EndGlobal
