
Microsoft Visual Studio Solution File, Format Version 12.00
# Visual Studio Version 17
VisualStudioVersion = 17.13.35919.96
MinimumVisualStudioVersion = 10.0.40219.1
Project("{FAE04EC0-301F-11D3-BF4B-00C04F79EFBC}") = "Aula-29-05", "Aula-29-05.csproj", "{E8E5506D-489A-4E99-8225-26E0D20E78B9}"
EndProject
Project("{FAE04EC0-301F-11D3-BF4B-00C04F79EFBC}") = "Polimorfismo", "..\Polimorfismo\Polimorfismo.csproj", "{B05CBDCB-070C-43DB-A421-09376B0F2A82}"
EndProject
Project("{FAE04EC0-301F-11D3-BF4B-00C04F79EFBC}") = "Ex01", "..\Ex01\Ex01.csproj", "{20CDB801-A813-4565-AFBE-93E5FFB232C1}"
EndProject
Project("{FAE04EC0-301F-11D3-BF4B-00C04F79EFBC}") = "ex02", "..\ex02\ex02.csproj", "{F2D3B7D0-1081-4C29-802D-239FD03117E5}"
EndProject
Project("{FAE04EC0-301F-11D3-BF4B-00C04F79EFBC}") = "ex03", "..\ex03\ex03.csproj", "{422152FA-D3AC-476D-A485-439E2B1BA2AA}"
EndProject
Project("{FAE04EC0-301F-11D3-BF4B-00C04F79EFBC}") = "ex04", "..\ex04\ex04.csproj", "{01DA9C91-07EB-4C9B-8D6D-EBB885C20951}"
EndProject
Global
	GlobalSection(SolutionConfigurationPlatforms) = preSolution
		Debug|Any CPU = Debug|Any CPU
		Release|Any CPU = Release|Any CPU
	EndGlobalSection
	GlobalSection(ProjectConfigurationPlatforms) = postSolution
		{E8E5506D-489A-4E99-8225-26E0D20E78B9}.Debug|Any CPU.ActiveCfg = Debug|Any CPU
		{E8E5506D-489A-4E99-8225-26E0D20E78B9}.Debug|Any CPU.Build.0 = Debug|Any CPU
		{E8E5506D-489A-4E99-8225-26E0D20E78B9}.Release|Any CPU.ActiveCfg = Release|Any CPU
		{E8E5506D-489A-4E99-8225-26E0D20E78B9}.Release|Any CPU.Build.0 = Release|Any CPU
		{B05CBDCB-070C-43DB-A421-09376B0F2A82}.Debug|Any CPU.ActiveCfg = Debug|Any CPU
		{B05CBDCB-070C-43DB-A421-09376B0F2A82}.Debug|Any CPU.Build.0 = Debug|Any CPU
		{B05CBDCB-070C-43DB-A421-09376B0F2A82}.Release|Any CPU.ActiveCfg = Release|Any CPU
		{B05CBDCB-070C-43DB-A421-09376B0F2A82}.Release|Any CPU.Build.0 = Release|Any CPU
		{20CDB801-A813-4565-AFBE-93E5FFB232C1}.Debug|Any CPU.ActiveCfg = Debug|Any CPU
		{20CDB801-A813-4565-AFBE-93E5FFB232C1}.Debug|Any CPU.Build.0 = Debug|Any CPU
		{20CDB801-A813-4565-AFBE-93E5FFB232C1}.Release|Any CPU.ActiveCfg = Release|Any CPU
		{20CDB801-A813-4565-AFBE-93E5FFB232C1}.Release|Any CPU.Build.0 = Release|Any CPU
		{F2D3B7D0-1081-4C29-802D-239FD03117E5}.Debug|Any CPU.ActiveCfg = Debug|Any CPU
		{F2D3B7D0-1081-4C29-802D-239FD03117E5}.Debug|Any CPU.Build.0 = Debug|Any CPU
		{F2D3B7D0-1081-4C29-802D-239FD03117E5}.Release|Any CPU.ActiveCfg = Release|Any CPU
		{F2D3B7D0-1081-4C29-802D-239FD03117E5}.Release|Any CPU.Build.0 = Release|Any CPU
		{422152FA-D3AC-476D-A485-439E2B1BA2AA}.Debug|Any CPU.ActiveCfg = Debug|Any CPU
		{422152FA-D3AC-476D-A485-439E2B1BA2AA}.Debug|Any CPU.Build.0 = Debug|Any CPU
		{422152FA-D3AC-476D-A485-439E2B1BA2AA}.Release|Any CPU.ActiveCfg = Release|Any CPU
		{422152FA-D3AC-476D-A485-439E2B1BA2AA}.Release|Any CPU.Build.0 = Release|Any CPU
		{01DA9C91-07EB-4C9B-8D6D-EBB885C20951}.Debug|Any CPU.ActiveCfg = Debug|Any CPU
		{01DA9C91-07EB-4C9B-8D6D-EBB885C20951}.Debug|Any CPU.Build.0 = Debug|Any CPU
		{01DA9C91-07EB-4C9B-8D6D-EBB885C20951}.Release|Any CPU.ActiveCfg = Release|Any CPU
		{01DA9C91-07EB-4C9B-8D6D-EBB885C20951}.Release|Any CPU.Build.0 = Release|Any CPU
	EndGlobalSection
	GlobalSection(SolutionProperties) = preSolution
		HideSolutionNode = FALSE
	EndGlobalSection
	GlobalSection(ExtensibilityGlobals) = postSolution
		SolutionGuid = {F7B44798-54B7-42E3-9078-946605E94090}
	EndGlobalSection
EndGlobal
