
Microsoft Visual Studio Solution File, Format Version 12.00
# Visual Studio Version 17
VisualStudioVersion = 17.13.35919.96 d17.13
MinimumVisualStudioVersion = 10.0.40219.1
Project("{FAE04EC0-301F-11D3-BF4B-00C04F79EFBC}") = "Aula-03-07-2025", "Aula-03-07-2025.csproj", "{CDFAE8D8-1357-42FD-BBF8-958D3A075F57}"
EndProject
Global
	GlobalSection(SolutionConfigurationPlatforms) = preSolution
		Debug|Any CPU = Debug|Any CPU
		Release|Any CPU = Release|Any CPU
	EndGlobalSection
	GlobalSection(ProjectConfigurationPlatforms) = postSolution
		{CDFAE8D8-1357-42FD-BBF8-958D3A075F57}.Debug|Any CPU.ActiveCfg = Debug|Any CPU
		{CDFAE8D8-1357-42FD-BBF8-958D3A075F57}.Debug|Any CPU.Build.0 = Debug|Any CPU
		{CDFAE8D8-1357-42FD-BBF8-958D3A075F57}.Release|Any CPU.ActiveCfg = Release|Any CPU
		{CDFAE8D8-1357-42FD-BBF8-958D3A075F57}.Release|Any CPU.Build.0 = Release|Any CPU
	EndGlobalSection
	GlobalSection(SolutionProperties) = preSolution
		HideSolutionNode = FALSE
	EndGlobalSection
	GlobalSection(ExtensibilityGlobals) = postSolution
		SolutionGuid = {0C7D9676-BFBD-4DBF-87D5-04937BCDA7FC}
	EndGlobalSection
EndGlobal
