
Microsoft Visual Studio Solution File, Format Version 12.00
# Visual Studio Version 17
VisualStudioVersion = 17.13.35919.96 d17.13
MinimumVisualStudioVersion = 10.0.40219.1
Project("{FAE04EC0-301F-11D3-BF4B-00C04F79EFBC}") = "ex-04-aula-08-05-2025", "ex-04-aula-08-05-2025.csproj", "{243E5CEE-3561-4BDE-A9A0-CC0C8FCD9496}"
EndProject
Global
	GlobalSection(SolutionConfigurationPlatforms) = preSolution
		Debug|Any CPU = Debug|Any CPU
		Release|Any CPU = Release|Any CPU
	EndGlobalSection
	GlobalSection(ProjectConfigurationPlatforms) = postSolution
		{243E5CEE-3561-4BDE-A9A0-CC0C8FCD9496}.Debug|Any CPU.ActiveCfg = Debug|Any CPU
		{243E5CEE-3561-4BDE-A9A0-CC0C8FCD9496}.Debug|Any CPU.Build.0 = Debug|Any CPU
		{243E5CEE-3561-4BDE-A9A0-CC0C8FCD9496}.Release|Any CPU.ActiveCfg = Release|Any CPU
		{243E5CEE-3561-4BDE-A9A0-CC0C8FCD9496}.Release|Any CPU.Build.0 = Release|Any CPU
	EndGlobalSection
	GlobalSection(SolutionProperties) = preSolution
		HideSolutionNode = FALSE
	EndGlobalSection
	GlobalSection(ExtensibilityGlobals) = postSolution
		SolutionGuid = {9DF52689-CCAB-4ED4-991C-E2832F1787EF}
	EndGlobalSection
EndGlobal
